
Microsoft Visual Studio Solution File, Format Version 12.00
# Visual Studio Version 16
VisualStudioVersion = 16.0.30413.136
MinimumVisualStudioVersion = 10.0.40219.1
Project("{159641D6-6404-4A2A-AE62-294DE0FE8301}") = "IDH_Yelp", "IDH_Yelp\IDH_Yelp.dtproj", "{12EFED66-2193-4C5E-AF81-9ADC529A9E94}"
EndProject
Project("{FAE04EC0-301F-11D3-BF4B-00C04F79EFBC}") = "JsonDbSetConverter", "JsonDbSetConverter\JsonDbSetConverter.csproj", "{B752088A-4953-4C7C-B196-9CA861CF23FD}"
EndProject
Global
	GlobalSection(SolutionConfigurationPlatforms) = preSolution
		Debug|Any CPU = Debug|Any CPU
		Development|Any CPU = Development|Any CPU
		Release|Any CPU = Release|Any CPU
	EndGlobalSection
	GlobalSection(ProjectConfigurationPlatforms) = postSolution
		{12EFED66-2193-4C5E-AF81-9ADC529A9E94}.Debug|Any CPU.ActiveCfg = Development
		{12EFED66-2193-4C5E-AF81-9ADC529A9E94}.Debug|Any CPU.Build.0 = Development
		{12EFED66-2193-4C5E-AF81-9ADC529A9E94}.Development|Any CPU.ActiveCfg = Development
		{12EFED66-2193-4C5E-AF81-9ADC529A9E94}.Development|Any CPU.Build.0 = Development
		{12EFED66-2193-4C5E-AF81-9ADC529A9E94}.Release|Any CPU.ActiveCfg = Development
		{12EFED66-2193-4C5E-AF81-9ADC529A9E94}.Release|Any CPU.Build.0 = Development
		{B752088A-4953-4C7C-B196-9CA861CF23FD}.Debug|Any CPU.ActiveCfg = Debug|Any CPU
		{B752088A-4953-4C7C-B196-9CA861CF23FD}.Debug|Any CPU.Build.0 = Debug|Any CPU
		{B752088A-4953-4C7C-B196-9CA861CF23FD}.Development|Any CPU.ActiveCfg = Debug|Any CPU
		{B752088A-4953-4C7C-B196-9CA861CF23FD}.Development|Any CPU.Build.0 = Debug|Any CPU
		{B752088A-4953-4C7C-B196-9CA861CF23FD}.Release|Any CPU.ActiveCfg = Release|Any CPU
		{B752088A-4953-4C7C-B196-9CA861CF23FD}.Release|Any CPU.Build.0 = Release|Any CPU
	EndGlobalSection
	GlobalSection(SolutionProperties) = preSolution
		HideSolutionNode = FALSE
	EndGlobalSection
	GlobalSection(ExtensibilityGlobals) = postSolution
		SolutionGuid = {34E01BBB-E840-44B7-AB8E-3362500027CB}
	EndGlobalSection
EndGlobal
